<Solution>
  <Project Path="src/MasterSystem.Abstractions/MasterSystem.Abstractions.csproj" />
  <Project Path="src/MasterSystem/MasterSystem.csproj" />
  <Project Path="src/MasterSystem.Sample/MasterSystem.Sample.csproj" />
  <Project Path="src/MasterSystem.Tests/MasterSystem.Tests.csproj" />
</Solution>
